// !$*UTF8*$!
{
	archiveVersion = 1;
	classes = {
	};
	objectVersion = 56;
	objects = {

/* Begin PBXBuildFile section */
		83EAF1B82A1D33010077D840 /* AppDelegate.swift in Sources */ = {isa = PBXBuildFile; fileRef = 83EAF1B72A1D33010077D840 /* AppDelegate.swift */; };
		83EAF1BA2A1D33010077D840 /* art.scnassets in Resources */ = {isa = PBXBuildFile; fileRef = 83EAF1B92A1D33010077D840 /* art.scnassets */; };
		83EAF1BC2A1D33010077D840 /* ViewController.swift in Sources */ = {isa = PBXBuildFile; fileRef = 83EAF1BB2A1D33010077D840 /* ViewController.swift */; };
		83EAF1BF2A1D33010077D840 /* Main.storyboard in Resources */ = {isa = PBXBuildFile; fileRef = 83EAF1BD2A1D33010077D840 /* Main.storyboard */; };
		83EAF1C12A1D33020077D840 /* Assets.xcassets in Resources */ = {isa = PBXBuildFile; fileRef = 83EAF1C02A1D33020077D840 /* Assets.xcassets */; };
		83EAF1C42A1D33020077D840 /* LaunchScreen.storyboard in Resources */ = {isa = PBXBuildFile; fileRef = 83EAF1C22A1D33020077D840 /* LaunchScreen.storyboard */; };
		83EAF1CB2A1E0C880077D840 /* MobileNet.mlmodel in Sources */ = {isa = PBXBuildFile; fileRef = 83EAF1CA2A1E0C880077D840 /* MobileNet.mlmodel */; };
		83EAF1CD2A1E25000077D840 /* MobileNetV2.mlmodel in Sources */ = {isa = PBXBuildFile; fileRef = 83EAF1CC2A1E25000077D840 /* MobileNetV2.mlmodel */; };
		83EAF1CF2A1E26A20077D840 /* Resnet50.mlmodel in Sources */ = {isa = PBXBuildFile; fileRef = 83EAF1CE2A1E26A20077D840 /* Resnet50.mlmodel */; };
/* End PBXBuildFile section */

/* Begin PBXFileReference section */
		83EAF1B42A1D33010077D840 /* WatIsDat.app */ = {isa = PBXFileReference; explicitFileType = wrapper.application; includeInIndex = 0; path = WatIsDat.app; sourceTree = BUILT_PRODUCTS_DIR; };
		83EAF1B72A1D33010077D840 /* AppDelegate.swift */ = {isa = PBXFileReference; lastKnownFileType = sourcecode.swift; path = AppDelegate.swift; sourceTree = "<group>"; };
		83EAF1B92A1D33010077D840 /* art.scnassets */ = {isa = PBXFileReference; lastKnownFileType = wrapper.scnassets; path = art.scnassets; sourceTree = "<group>"; };
		83EAF1BB2A1D33010077D840 /* ViewController.swift */ = {isa = PBXFileReference; lastKnownFileType = sourcecode.swift; path = ViewController.swift; sourceTree = "<group>"; };
		83EAF1BE2A1D33010077D840 /* Base */ = {isa = PBXFileReference; lastKnownFileType = file.storyboard; name = Base; path = Base.lproj/Main.storyboard; sourceTree = "<group>"; };
		83EAF1C02A1D33020077D840 /* Assets.xcassets */ = {isa = PBXFileReference; lastKnownFileType = folder.assetcatalog; path = Assets.xcassets; sourceTree = "<group>"; };
		83EAF1C32A1D33020077D840 /* Base */ = {isa = PBXFileReference; lastKnownFileType = file.storyboard; name = Base; path = Base.lproj/LaunchScreen.storyboard; sourceTree = "<group>"; };
		83EAF1CA2A1E0C880077D840 /* MobileNet.mlmodel */ = {isa = PBXFileReference; lastKnownFileType = file.mlmodel; path = MobileNet.mlmodel; sourceTree = "<group>"; };
		83EAF1CC2A1E25000077D840 /* MobileNetV2.mlmodel */ = {isa = PBXFileReference; lastKnownFileType = file.mlmodel; path = MobileNetV2.mlmodel; sourceTree = "<group>"; };
		83EAF1CE2A1E26A20077D840 /* Resnet50.mlmodel */ = {isa = PBXFileReference; lastKnownFileType = file.mlmodel; path = Resnet50.mlmodel; sourceTree = "<group>"; };
/* End PBXFileReference section */

/* Begin PBXFrameworksBuildPhase section */
		83EAF1B12A1D33010077D840 /* Frameworks */ = {
			isa = PBXFrameworksBuildPhase;
			buildActionMask = 2147483647;
			files = (
			);
			runOnlyForDeploymentPostprocessing = 0;
		};
/* End PBXFrameworksBuildPhase section */

/* Begin PBXGroup section */
		83EAF1AB2A1D33010077D840 = {
			isa = PBXGroup;
			children = (
				83EAF1B62A1D33010077D840 /* WatIsDat */,
				83EAF1B52A1D33010077D840 /* Products */,
			);
			sourceTree = "<group>";
		};
		83EAF1B52A1D33010077D840 /* Products */ = {
			isa = PBXGroup;
			children = (
				83EAF1B42A1D33010077D840 /* WatIsDat.app */,
			);
			name = Products;
			sourceTree = "<group>";
		};
		83EAF1B62A1D33010077D840 /* WatIsDat */ = {
			isa = PBXGroup;
			children = (
				83EAF1B72A1D33010077D840 /* AppDelegate.swift */,
				83EAF1B92A1D33010077D840 /* art.scnassets */,
				83EAF1BB2A1D33010077D840 /* ViewController.swift */,
				83EAF1BD2A1D33010077D840 /* Main.storyboard */,
				83EAF1C02A1D33020077D840 /* Assets.xcassets */,
				83EAF1C22A1D33020077D840 /* LaunchScreen.storyboard */,
				83EAF1CA2A1E0C880077D840 /* MobileNet.mlmodel */,
				83EAF1CC2A1E25000077D840 /* MobileNetV2.mlmodel */,
				83EAF1CE2A1E26A20077D840 /* Resnet50.mlmodel */,
			);
			path = WatIsDat;
			sourceTree = "<group>";
		};
/* End PBXGroup section */

/* Begin PBXNativeTarget section */
		83EAF1B32A1D33010077D840 /* WatIsDat */ = {
			isa = PBXNativeTarget;
			buildConfigurationList = 83EAF1C72A1D33020077D840 /* Build configuration list for PBXNativeTarget "WatIsDat" */;
			buildPhases = (
				83EAF1B02A1D33010077D840 /* Sources */,
				83EAF1B12A1D33010077D840 /* Frameworks */,
				83EAF1B22A1D33010077D840 /* Resources */,
			);
			buildRules = (
			);
			dependencies = (
			);
			name = WatIsDat;
			productName = WatIsDat;
			productReference = 83EAF1B42A1D33010077D840 /* WatIsDat.app */;
			productType = "com.apple.product-type.application";
		};
/* End PBXNativeTarget section */

/* Begin PBXProject section */
		83EAF1AC2A1D33010077D840 /* Project object */ = {
			isa = PBXProject;
			attributes = {
				BuildIndependentTargetsInParallel = 1;
				LastSwiftUpdateCheck = 1430;
				LastUpgradeCheck = 1430;
				TargetAttributes = {
					83EAF1B32A1D33010077D840 = {
						CreatedOnToolsVersion = 14.3;
					};
				};
			};
			buildConfigurationList = 83EAF1AF2A1D33010077D840 /* Build configuration list for PBXProject "WatIsDat" */;
			compatibilityVersion = "Xcode 14.0";
			developmentRegion = en;
			hasScannedForEncodings = 0;
			knownRegions = (
				en,
				Base,
			);
			mainGroup = 83EAF1AB2A1D33010077D840;
			productRefGroup = 83EAF1B52A1D33010077D840 /* Products */;
			projectDirPath = "";
			projectRoot = "";
			targets = (
				83EAF1B32A1D33010077D840 /* WatIsDat */,
			);
		};
/* End PBXProject section */

/* Begin PBXResourcesBuildPhase section */
		83EAF1B22A1D33010077D840 /* Resources */ = {
			isa = PBXResourcesBuildPhase;
			buildActionMask = 2147483647;
			files = (
				83EAF1BA2A1D33010077D840 /* art.scnassets in Resources */,
				83EAF1C42A1D33020077D840 /* LaunchScreen.storyboard in Resources */,
				83EAF1C12A1D33020077D840 /* Assets.xcassets in Resources */,
				83EAF1BF2A1D33010077D840 /* Main.storyboard in Resources */,
			);
			runOnlyForDeploymentPostprocessing = 0;
		};
/* End PBXResourcesBuildPhase section */

/* Begin PBXSourcesBuildPhase section */
		83EAF1B02A1D33010077D840 /* Sources */ = {
			isa = PBXSourcesBuildPhase;
			buildActionMask = 2147483647;
			files = (
				83EAF1CF2A1E26A20077D840 /* Resnet50.mlmodel in Sources */,
				83EAF1BC2A1D33010077D840 /* ViewController.swift in Sources */,
				83EAF1B82A1D33010077D840 /* AppDelegate.swift in Sources */,
				83EAF1CD2A1E25000077D840 /* MobileNetV2.mlmodel in Sources */,
				83EAF1CB2A1E0C880077D840 /* MobileNet.mlmodel in Sources */,
			);
			runOnlyForDeploymentPostprocessing = 0;
		};
/* End PBXSourcesBuildPhase section */

/* Begin PBXVariantGroup section */
		83EAF1BD2A1D33010077D840 /* Main.storyboard */ = {
			isa = PBXVariantGroup;
			children = (
				83EAF1BE2A1D33010077D840 /* Base */,
			);
			name = Main.storyboard;
			sourceTree = "<group>";
		};
		83EAF1C22A1D33020077D840 /* LaunchScreen.storyboard */ = {
			isa = PBXVariantGroup;
			children = (
				83EAF1C32A1D33020077D840 /* Base */,
			);
			name = LaunchScreen.storyboard;
			sourceTree = "<group>";
		};
/* End PBXVariantGroup section */

/* Begin XCBuildConfiguration section */
		83EAF1C52A1D33020077D840 /* Debug */ = {
			isa = XCBuildConfiguration;
			buildSettings = {
				ALWAYS_SEARCH_USER_PATHS = NO;
				CLANG_ANALYZER_NONNULL = YES;
				CLANG_ANALYZER_NUMBER_OBJECT_CONVERSION = YES_AGGRESSIVE;
				CLANG_CXX_LANGUAGE_STANDARD = "gnu++20";
				CLANG_ENABLE_MODULES = YES;
				CLANG_ENABLE_OBJC_ARC = YES;
				CLANG_ENABLE_OBJC_WEAK = YES;
				CLANG_WARN_BLOCK_CAPTURE_AUTORELEASING = YES;
				CLANG_WARN_BOOL_CONVERSION = YES;
				CLANG_WARN_COMMA = YES;
				CLANG_WARN_CONSTANT_CONVERSION = YES;
				CLANG_WARN_DEPRECATED_OBJC_IMPLEMENTATIONS = YES;
				CLANG_WARN_DIRECT_OBJC_ISA_USAGE = YES_ERROR;
				CLANG_WARN_DOCUMENTATION_COMMENTS = YES;
				CLANG_WARN_EMPTY_BODY = YES;
				CLANG_WARN_ENUM_CONVERSION = YES;
				CLANG_WARN_INFINITE_RECURSION = YES;
				CLANG_WARN_INT_CONVERSION = YES;
				CLANG_WARN_NON_LITERAL_NULL_CONVERSION = YES;
				CLANG_WARN_OBJC_IMPLICIT_RETAIN_SELF = YES;
				CLANG_WARN_OBJC_LITERAL_CONVERSION = YES;
				CLANG_WARN_OBJC_ROOT_CLASS = YES_ERROR;
				CLANG_WARN_QUOTED_INCLUDE_IN_FRAMEWORK_HEADER = YES;
				CLANG_WARN_RANGE_LOOP_ANALYSIS = YES;
				CLANG_WARN_STRICT_PROTOTYPES = YES;
				CLANG_WARN_SUSPICIOUS_MOVE = YES;
				CLANG_WARN_UNGUARDED_AVAILABILITY = YES_AGGRESSIVE;
				CLANG_WARN_UNREACHABLE_CODE = YES;
				CLANG_WARN__DUPLICATE_METHOD_MATCH = YES;
				COPY_PHASE_STRIP = NO;
				DEBUG_INFORMATION_FORMAT = dwarf;
				ENABLE_STRICT_OBJC_MSGSEND = YES;
				ENABLE_TESTABILITY = YES;
				GCC_C_LANGUAGE_STANDARD = gnu11;
				GCC_DYNAMIC_NO_PIC = NO;
				GCC_NO_COMMON_BLOCKS = YES;
				GCC_OPTIMIZATION_LEVEL = 0;
				GCC_PREPROCESSOR_DEFINITIONS = (
					"DEBUG=1",
					"$(inherited)",
				);
				GCC_WARN_64_TO_32_BIT_CONVERSION = YES;
				GCC_WARN_ABOUT_RETURN_TYPE = YES_ERROR;
				GCC_WARN_UNDECLARED_SELECTOR = YES;
				GCC_WARN_UNINITIALIZED_AUTOS = YES_AGGRESSIVE;
				GCC_WARN_UNUSED_FUNCTION = YES;
				GCC_WARN_UNUSED_VARIABLE = YES;
				IPHONEOS_DEPLOYMENT_TARGET = 16.4;
				MTL_ENABLE_DEBUG_INFO = INCLUDE_SOURCE;
				MTL_FAST_MATH = YES;
				ONLY_ACTIVE_ARCH = YES;
				PRODUCT_BUNDLE_IDENTIFIER = PRODUCT_BUNDLE_IDENFITIER;
				SDKROOT = iphoneos;
				SWIFT_ACTIVE_COMPILATION_CONDITIONS = DEBUG;
				SWIFT_OPTIMIZATION_LEVEL = "-Onone";
			};
			name = Debug;
		};
		83EAF1C62A1D33020077D840 /* Release */ = {
			isa = XCBuildConfiguration;
			buildSettings = {
				ALWAYS_SEARCH_USER_PATHS = NO;
				CLANG_ANALYZER_NONNULL = YES;
				CLANG_ANALYZER_NUMBER_OBJECT_CONVERSION = YES_AGGRESSIVE;
				CLANG_CXX_LANGUAGE_STANDARD = "gnu++20";
				CLANG_ENABLE_MODULES = YES;
				CLANG_ENABLE_OBJC_ARC = YES;
				CLANG_ENABLE_OBJC_WEAK = YES;
				CLANG_WARN_BLOCK_CAPTURE_AUTORELEASING = YES;
				CLANG_WARN_BOOL_CONVERSION = YES;
				CLANG_WARN_COMMA = YES;
				CLANG_WARN_CONSTANT_CONVERSION = YES;
				CLANG_WARN_DEPRECATED_OBJC_IMPLEMENTATIONS = YES;
				CLANG_WARN_DIRECT_OBJC_ISA_USAGE = YES_ERROR;
				CLANG_WARN_DOCUMENTATION_COMMENTS = YES;
				CLANG_WARN_EMPTY_BODY = YES;
				CLANG_WARN_ENUM_CONVERSION = YES;
				CLANG_WARN_INFINITE_RECURSION = YES;
				CLANG_WARN_INT_CONVERSION = YES;
				CLANG_WARN_NON_LITERAL_NULL_CONVERSION = YES;
				CLANG_WARN_OBJC_IMPLICIT_RETAIN_SELF = YES;
				CLANG_WARN_OBJC_LITERAL_CONVERSION = YES;
				CLANG_WARN_OBJC_ROOT_CLASS = YES_ERROR;
				CLANG_WARN_QUOTED_INCLUDE_IN_FRAMEWORK_HEADER = YES;
				CLANG_WARN_RANGE_LOOP_ANALYSIS = YES;
				CLANG_WARN_STRICT_PROTOTYPES = YES;
				CLANG_WARN_SUSPICIOUS_MOVE = YES;
				CLANG_WARN_UNGUARDED_AVAILABILITY = YES_AGGRESSIVE;
				CLANG_WARN_UNREACHABLE_CODE = YES;
				CLANG_WARN__DUPLICATE_METHOD_MATCH = YES;
				COPY_PHASE_STRIP = NO;
				DEBUG_INFORMATION_FORMAT = "dwarf-with-dsym";
				ENABLE_NS_ASSERTIONS = NO;
				ENABLE_STRICT_OBJC_MSGSEND = YES;
				GCC_C_LANGUAGE_STANDARD = gnu11;
				GCC_NO_COMMON_BLOCKS = YES;
				GCC_WARN_64_TO_32_BIT_CONVERSION = YES;
				GCC_WARN_ABOUT_RETURN_TYPE = YES_ERROR;
				GCC_WARN_UNDECLARED_SELECTOR = YES;
				GCC_WARN_UNINITIALIZED_AUTOS = YES_AGGRESSIVE;
				GCC_WARN_UNUSED_FUNCTION = YES;
				GCC_WARN_UNUSED_VARIABLE = YES;
				IPHONEOS_DEPLOYMENT_TARGET = 16.4;
				MTL_ENABLE_DEBUG_INFO = NO;
				MTL_FAST_MATH = YES;
				PRODUCT_BUNDLE_IDENTIFIER = PRODUCT_BUNDLE_IDENFITIER;
				SDKROOT = iphoneos;
				SWIFT_COMPILATION_MODE = wholemodule;
				SWIFT_OPTIMIZATION_LEVEL = "-O";
				VALIDATE_PRODUCT = YES;
			};
			name = Release;
		};
		83EAF1C82A1D33020077D840 /* Debug */ = {
			isa = XCBuildConfiguration;
			buildSettings = {
				ASSETCATALOG_COMPILER_APPICON_NAME = AppIcon;
				ASSETCATALOG_COMPILER_GLOBAL_ACCENT_COLOR_NAME = AccentColor;
				CODE_SIGN_STYLE = Automatic;
				CURRENT_PROJECT_VERSION = 1;
				DEVELOPMENT_TEAM = 8B7DH7AN2U;
				GENERATE_INFOPLIST_FILE = YES;
				INFOPLIST_KEY_NSCameraUsageDescription = "";
				INFOPLIST_KEY_UIApplicationSupportsIndirectInputEvents = YES;
				INFOPLIST_KEY_UILaunchStoryboardName = LaunchScreen;
				INFOPLIST_KEY_UIMainStoryboardFile = Main;
				INFOPLIST_KEY_UIRequiredDeviceCapabilities = arkit;
				INFOPLIST_KEY_UIStatusBarHidden = YES;
				INFOPLIST_KEY_UISupportedInterfaceOrientations_iPad = "UIInterfaceOrientationPortrait UIInterfaceOrientationPortraitUpsideDown UIInterfaceOrientationLandscapeLeft UIInterfaceOrientationLandscapeRight";
				INFOPLIST_KEY_UISupportedInterfaceOrientations_iPhone = "UIInterfaceOrientationPortrait UIInterfaceOrientationLandscapeLeft UIInterfaceOrientationLandscapeRight";
				LD_RUNPATH_SEARCH_PATHS = (
					"$(inherited)",
					"@executable_path/Frameworks",
				);
				MARKETING_VERSION = 1.0;
				PRODUCT_BUNDLE_IDENTIFIER = com.exacode;
				PRODUCT_NAME = "$(TARGET_NAME)";
				SWIFT_EMIT_LOC_STRINGS = YES;
				SWIFT_VERSION = 5.0;
				TARGETED_DEVICE_FAMILY = "1,2";
			};
			name = Debug;
		};
		83EAF1C92A1D33020077D840 /* Release */ = {
			isa = XCBuildConfiguration;
			buildSettings = {
				ASSETCATALOG_COMPILER_APPICON_NAME = AppIcon;
				ASSETCATALOG_COMPILER_GLOBAL_ACCENT_COLOR_NAME = AccentColor;
				CODE_SIGN_STYLE = Automatic;
				CURRENT_PROJECT_VERSION = 1;
				DEVELOPMENT_TEAM = 8B7DH7AN2U;
				GENERATE_INFOPLIST_FILE = YES;
				INFOPLIST_KEY_NSCameraUsageDescription = "";
				INFOPLIST_KEY_UIApplicationSupportsIndirectInputEvents = YES;
				INFOPLIST_KEY_UILaunchStoryboardName = LaunchScreen;
				INFOPLIST_KEY_UIMainStoryboardFile = Main;
				INFOPLIST_KEY_UIRequiredDeviceCapabilities = arkit;
				INFOPLIST_KEY_UIStatusBarHidden = YES;
				INFOPLIST_KEY_UISupportedInterfaceOrientations_iPad = "UIInterfaceOrientationPortrait UIInterfaceOrientationPortraitUpsideDown UIInterfaceOrientationLandscapeLeft UIInterfaceOrientationLandscapeRight";
				INFOPLIST_KEY_UISupportedInterfaceOrientations_iPhone = "UIInterfaceOrientationPortrait UIInterfaceOrientationLandscapeLeft UIInterfaceOrientationLandscapeRight";
				LD_RUNPATH_SEARCH_PATHS = (
					"$(inherited)",
					"@executable_path/Frameworks",
				);
				MARKETING_VERSION = 1.0;
				PRODUCT_BUNDLE_IDENTIFIER = com.exacode;
				PRODUCT_NAME = "$(TARGET_NAME)";
				SWIFT_EMIT_LOC_STRINGS = YES;
				SWIFT_VERSION = 5.0;
				TARGETED_DEVICE_FAMILY = "1,2";
			};
			name = Release;
		};
/* End XCBuildConfiguration section */

/* Begin XCConfigurationList section */
		83EAF1AF2A1D33010077D840 /* Build configuration list for PBXProject "WatIsDat" */ = {
			isa = XCConfigurationList;
			buildConfigurations = (
				83EAF1C52A1D33020077D840 /* Debug */,
				83EAF1C62A1D33020077D840 /* Release */,
			);
			defaultConfigurationIsVisible = 0;
			defaultConfigurationName = Release;
		};
		83EAF1C72A1D33020077D840 /* Build configuration list for PBXNativeTarget "WatIsDat" */ = {
			isa = XCConfigurationList;
			buildConfigurations = (
				83EAF1C82A1D33020077D840 /* Debug */,
				83EAF1C92A1D33020077D840 /* Release */,
			);
			defaultConfigurationIsVisible = 0;
			defaultConfigurationName = Release;
		};
/* End XCConfigurationList section */
	};
	rootObject = 83EAF1AC2A1D33010077D840 /* Project object */;
}
